
Microsoft Visual Studio Solution File, Format Version 12.00
# Visual Studio Version 17
VisualStudioVersion = 17.9.34701.34
MinimumVisualStudioVersion = 10.0.40219.1
Project("{FAE04EC0-301F-11D3-BF4B-00C04F79EFBC}") = "Ejercicio5TP9", "Ejercicio5TP9\Ejercicio5TP9.csproj", "{A681043B-B394-4D21-83D6-C0B4B78562BD}"
EndProject
Global
	GlobalSection(SolutionConfigurationPlatforms) = preSolution
		Debug|Any CPU = Debug|Any CPU
		Release|Any CPU = Release|Any CPU
	EndGlobalSection
	GlobalSection(ProjectConfigurationPlatforms) = postSolution
		{A681043B-B394-4D21-83D6-C0B4B78562BD}.Debug|Any CPU.ActiveCfg = Debug|Any CPU
		{A681043B-B394-4D21-83D6-C0B4B78562BD}.Debug|Any CPU.Build.0 = Debug|Any CPU
		{A681043B-B394-4D21-83D6-C0B4B78562BD}.Release|Any CPU.ActiveCfg = Release|Any CPU
		{A681043B-B394-4D21-83D6-C0B4B78562BD}.Release|Any CPU.Build.0 = Release|Any CPU
	EndGlobalSection
	GlobalSection(SolutionProperties) = preSolution
		HideSolutionNode = FALSE
	EndGlobalSection
	GlobalSection(ExtensibilityGlobals) = postSolution
		SolutionGuid = {D669C355-A46C-4BF5-8B56-4C468728E66F}
	EndGlobalSection
EndGlobal
